
Microsoft Visual Studio Solution File, Format Version 12.00
# Visual Studio Version 17
VisualStudioVersion = 17.4.33122.133
MinimumVisualStudioVersion = 10.0.40219.1
Project("{FAE04EC0-301F-11D3-BF4B-00C04F79EFBC}") = "U2-W3 Homework Backend", "U2-W3 Homework Backend\U2-W3 Homework Backend.csproj", "{5EB57C7F-2AF9-4CED-A83F-CB7657E64AE0}"
EndProject
Global
	GlobalSection(SolutionConfigurationPlatforms) = preSolution
		Debug|Any CPU = Debug|Any CPU
		Release|Any CPU = Release|Any CPU
	EndGlobalSection
	GlobalSection(ProjectConfigurationPlatforms) = postSolution
		{5EB57C7F-2AF9-4CED-A83F-CB7657E64AE0}.Debug|Any CPU.ActiveCfg = Debug|Any CPU
		{5EB57C7F-2AF9-4CED-A83F-CB7657E64AE0}.Debug|Any CPU.Build.0 = Debug|Any CPU
		{5EB57C7F-2AF9-4CED-A83F-CB7657E64AE0}.Release|Any CPU.ActiveCfg = Release|Any CPU
		{5EB57C7F-2AF9-4CED-A83F-CB7657E64AE0}.Release|Any CPU.Build.0 = Release|Any CPU
	EndGlobalSection
	GlobalSection(SolutionProperties) = preSolution
		HideSolutionNode = FALSE
	EndGlobalSection
	GlobalSection(ExtensibilityGlobals) = postSolution
		SolutionGuid = {B8DE97C5-A256-48BB-9649-92FDF2CD9835}
	EndGlobalSection
EndGlobal
